
Microsoft Visual Studio Solution File, Format Version 12.00
# Visual Studio Version 17
VisualStudioVersion = 17.10.35004.147
MinimumVisualStudioVersion = 10.0.40219.1
Project("{9A19103F-16F7-4668-BE54-9A1E7A4F7556}") = "Utility", "AdventOfCode2024\Utility.csproj", "{49E102CB-4F8F-4D6D-96E6-1E95601FD16C}"
EndProject
Project("{9A19103F-16F7-4668-BE54-9A1E7A4F7556}") = "Day01", "Day01\Day01.csproj", "{F66AE866-16FF-4ABF-A92B-1961B4380C7B}"
EndProject
Project("{9A19103F-16F7-4668-BE54-9A1E7A4F7556}") = "Day02", "Day02\Day02.csproj", "{6E47B62B-C1FA-4AC4-B7D0-898E68B02388}"
EndProject
Project("{9A19103F-16F7-4668-BE54-9A1E7A4F7556}") = "Day03", "Day03\Day03.csproj", "{88F0A1C7-5471-4861-AB54-32EF0D63C6F2}"
EndProject
Project("{FAE04EC0-301F-11D3-BF4B-00C04F79EFBC}") = "Day04", "Day04\Day04.csproj", "{39A475B8-86FA-4C50-89CE-C648A8456347}"
EndProject
Global
	GlobalSection(SolutionConfigurationPlatforms) = preSolution
		Debug|Any CPU = Debug|Any CPU
		Release|Any CPU = Release|Any CPU
	EndGlobalSection
	GlobalSection(ProjectConfigurationPlatforms) = postSolution
		{49E102CB-4F8F-4D6D-96E6-1E95601FD16C}.Debug|Any CPU.ActiveCfg = Debug|Any CPU
		{49E102CB-4F8F-4D6D-96E6-1E95601FD16C}.Debug|Any CPU.Build.0 = Debug|Any CPU
		{49E102CB-4F8F-4D6D-96E6-1E95601FD16C}.Release|Any CPU.ActiveCfg = Release|Any CPU
		{49E102CB-4F8F-4D6D-96E6-1E95601FD16C}.Release|Any CPU.Build.0 = Release|Any CPU
		{F66AE866-16FF-4ABF-A92B-1961B4380C7B}.Debug|Any CPU.ActiveCfg = Debug|Any CPU
		{F66AE866-16FF-4ABF-A92B-1961B4380C7B}.Debug|Any CPU.Build.0 = Debug|Any CPU
		{F66AE866-16FF-4ABF-A92B-1961B4380C7B}.Release|Any CPU.ActiveCfg = Release|Any CPU
		{F66AE866-16FF-4ABF-A92B-1961B4380C7B}.Release|Any CPU.Build.0 = Release|Any CPU
		{6E47B62B-C1FA-4AC4-B7D0-898E68B02388}.Debug|Any CPU.ActiveCfg = Debug|Any CPU
		{6E47B62B-C1FA-4AC4-B7D0-898E68B02388}.Debug|Any CPU.Build.0 = Debug|Any CPU
		{6E47B62B-C1FA-4AC4-B7D0-898E68B02388}.Release|Any CPU.ActiveCfg = Release|Any CPU
		{6E47B62B-C1FA-4AC4-B7D0-898E68B02388}.Release|Any CPU.Build.0 = Release|Any CPU
		{88F0A1C7-5471-4861-AB54-32EF0D63C6F2}.Debug|Any CPU.ActiveCfg = Debug|Any CPU
		{88F0A1C7-5471-4861-AB54-32EF0D63C6F2}.Debug|Any CPU.Build.0 = Debug|Any CPU
		{88F0A1C7-5471-4861-AB54-32EF0D63C6F2}.Release|Any CPU.ActiveCfg = Release|Any CPU
		{88F0A1C7-5471-4861-AB54-32EF0D63C6F2}.Release|Any CPU.Build.0 = Release|Any CPU
		{39A475B8-86FA-4C50-89CE-C648A8456347}.Debug|Any CPU.ActiveCfg = Debug|Any CPU
		{39A475B8-86FA-4C50-89CE-C648A8456347}.Debug|Any CPU.Build.0 = Debug|Any CPU
		{39A475B8-86FA-4C50-89CE-C648A8456347}.Release|Any CPU.ActiveCfg = Release|Any CPU
		{39A475B8-86FA-4C50-89CE-C648A8456347}.Release|Any CPU.Build.0 = Release|Any CPU
	EndGlobalSection
	GlobalSection(SolutionProperties) = preSolution
		HideSolutionNode = FALSE
	EndGlobalSection
	GlobalSection(ExtensibilityGlobals) = postSolution
		SolutionGuid = {2714FB3E-9D67-4888-AEBA-A28334475482}
	EndGlobalSection
EndGlobal
